
Microsoft Visual Studio Solution File, Format Version 12.00
# Visual Studio 14
VisualStudioVersion = 14.0.25420.1
MinimumVisualStudioVersion = 10.0.40219.1
Project("{2150E333-8FDC-42A3-9474-1A3956D46DE8}") = "1 Presentation Layer", "1 Presentation Layer", "{0652AE19-3778-4B7A-9B38-640B6D42C947}"
EndProject
Project("{2150E333-8FDC-42A3-9474-1A3956D46DE8}") = "2 Business Layer", "2 Business Layer", "{6457A94A-E710-4276-B271-A1CB23C54B5F}"
EndProject
Project("{2150E333-8FDC-42A3-9474-1A3956D46DE8}") = "3 Data Layer", "3 Data Layer", "{76781316-A7FD-4B6E-B8F4-DC7C14EF413A}"
EndProject
Project("{2150E333-8FDC-42A3-9474-1A3956D46DE8}") = "1-1 Security", "1-1 Security", "{A7A06BC9-A4AD-47C9-B028-8FD7B231AC85}"
EndProject
Project("{2150E333-8FDC-42A3-9474-1A3956D46DE8}") = "1-2 Sales", "1-2 Sales", "{109E75F5-F7BC-4946-8C35-DE0719DFCAFA}"
EndProject
Project("{2150E333-8FDC-42A3-9474-1A3956D46DE8}") = "1-3 Purchases", "1-3 Purchases", "{E55AFCB4-D5A9-42D1-8DF4-0E4728DFCACC}"
EndProject
Project("{2150E333-8FDC-42A3-9474-1A3956D46DE8}") = "1-4 Warehouse", "1-4 Warehouse", "{098CEA23-3AED-4064-8284-DA1F35906D64}"
EndProject
Project("{2150E333-8FDC-42A3-9474-1A3956D46DE8}") = "1-5 Production", "1-5 Production", "{49D8A99F-6B56-486D-9D56-4836EE47DBF4}"
EndProject
Project("{2150E333-8FDC-42A3-9474-1A3956D46DE8}") = "2-1 Security", "2-1 Security", "{2BB866B2-C9A6-489D-AC2F-47B65704B9A1}"
EndProject
Project("{2150E333-8FDC-42A3-9474-1A3956D46DE8}") = "2-2 Sales", "2-2 Sales", "{F423DFC7-4A54-403A-88B3-139D8744CC1B}"
EndProject
Project("{2150E333-8FDC-42A3-9474-1A3956D46DE8}") = "2-3 Purchases", "2-3 Purchases", "{CF6B8E6E-52CE-48B5-A17D-9837E3DAEACA}"
EndProject
Project("{2150E333-8FDC-42A3-9474-1A3956D46DE8}") = "2-4 Warehouse", "2-4 Warehouse", "{03F6C90D-E567-4149-995D-91B4A6D194BA}"
EndProject
Project("{2150E333-8FDC-42A3-9474-1A3956D46DE8}") = "2-5 Production", "2-5 Production", "{32AA6A3E-81A9-4A07-8FBD-B60219768B7C}"
EndProject
Project("{2150E333-8FDC-42A3-9474-1A3956D46DE8}") = "3-1 Security", "3-1 Security", "{BE490B77-082F-4B6F-BC51-59239DE30543}"
EndProject
Project("{2150E333-8FDC-42A3-9474-1A3956D46DE8}") = "3-2 Sales", "3-2 Sales", "{40895E30-5706-430A-8C3C-04311D97F295}"
EndProject
Project("{2150E333-8FDC-42A3-9474-1A3956D46DE8}") = "3-3 Purchases", "3-3 Purchases", "{BC0EDD60-DE4D-4498-A528-2934757C7F35}"
EndProject
Project("{2150E333-8FDC-42A3-9474-1A3956D46DE8}") = "3-4 Warehouse", "3-4 Warehouse", "{B283D2D5-A831-43C0-895D-758D6B591497}"
EndProject
Project("{2150E333-8FDC-42A3-9474-1A3956D46DE8}") = "3-5 Production", "3-5 Production", "{C3B83867-6DE8-4C0E-A30E-FA561BFE1094}"
EndProject
Project("{FAE04EC0-301F-11D3-BF4B-00C04F79EFBC}") = "SistemaInkaArt.Presentation.Security", "1 Presentation Layer\1-1 Security\SistemaInkaArt.Presentation.Security\SistemaInkaArt.Presentation.Security.csproj", "{A18108F7-6B8B-4652-9A5F-DB17CAF8F810}"
EndProject
Project("{FAE04EC0-301F-11D3-BF4B-00C04F79EFBC}") = "SistemaInkaArt.Presentation.Sales", "1 Presentation Layer\1-2 Sales\SistemaInkaArt.Presentation.Sales\SistemaInkaArt.Presentation.Sales.csproj", "{DBF84FA1-0A27-445A-9A0D-1713093173C7}"
EndProject
Project("{FAE04EC0-301F-11D3-BF4B-00C04F79EFBC}") = "SistemaInkaArt.Presentation.Purchases", "1 Presentation Layer\1-3 Purchases\SistemaInkaArt.Presentation.Purchases\SistemaInkaArt.Presentation.Purchases.csproj", "{C6CD7166-AE4F-4881-A262-0EDAFEDCA6BD}"
EndProject
Project("{FAE04EC0-301F-11D3-BF4B-00C04F79EFBC}") = "SistemaInkaArt.Presentation.Warehouse", "1 Presentation Layer\1-4 Warehouse\SistemaInkaArt.Presentation.Warehouse\SistemaInkaArt.Presentation.Warehouse.csproj", "{161417A8-9ABF-4CF5-A8CC-3FF4BD59E069}"
EndProject
Project("{FAE04EC0-301F-11D3-BF4B-00C04F79EFBC}") = "SistemaInkaArt.Presentation.Production", "1 Presentation Layer\1-5 Production\SistemaInkaArt.Presentation.Production\SistemaInkaArt.Presentation.Production.csproj", "{7338C2CD-AC94-4EBB-926A-8CC4244077D9}"
EndProject
Project("{FAE04EC0-301F-11D3-BF4B-00C04F79EFBC}") = "SistemaInkaArt.Business.Security", "2 Business Layer\2-1 Security\SistemaInkaArt.Business.Security\SistemaInkaArt.Business.Security.csproj", "{F8B15764-2BE6-4BFF-8563-CAF4A1C7E69C}"
EndProject
Project("{FAE04EC0-301F-11D3-BF4B-00C04F79EFBC}") = "SistemaInkaArt.Business.Sales", "2 Business Layer\2-2 Sales\SistemaInkaArt.Business.Sales\SistemaInkaArt.Business.Sales.csproj", "{432AD580-A1FE-4571-83D5-9AE645EB6487}"
EndProject
Project("{FAE04EC0-301F-11D3-BF4B-00C04F79EFBC}") = "SistemaInkaArt.Business.Purchases", "2 Business Layer\2-3 Purchases\SistemaInkaArt.Business.Purchases\SistemaInkaArt.Business.Purchases.csproj", "{C05A29C8-220B-4189-B761-5EF06D9A89BD}"
EndProject
Project("{FAE04EC0-301F-11D3-BF4B-00C04F79EFBC}") = "SistemaInkaArt.Business.Warehouse", "2 Business Layer\2-4 Warehouse\SistemaInkaArt.Business.Warehouse\SistemaInkaArt.Business.Warehouse.csproj", "{215E1184-9E40-47EF-AE10-CE0893E79BE5}"
EndProject
Project("{FAE04EC0-301F-11D3-BF4B-00C04F79EFBC}") = "SistemaInkaArt.Business.Production", "2 Business Layer\2-5 Production\SistemaInkaArt.Business.Production\SistemaInkaArt.Business.Production.csproj", "{A75B5353-2D21-48CC-B00C-3A5D4AB3D45D}"
EndProject
Project("{FAE04EC0-301F-11D3-BF4B-00C04F79EFBC}") = "SistemaInkaArt.Data.Security", "3 Data Layer\3-1 Security\SistemaInkaArt.Data.Security\SistemaInkaArt.Data.Security.csproj", "{3501B988-D5CF-4FE4-BF22-28B97B783546}"
EndProject
Project("{FAE04EC0-301F-11D3-BF4B-00C04F79EFBC}") = "SistemaInkaArt.Data.Sales", "3 Data Layer\3-2 Sales\SistemaInkaArt.Data.Sales\SistemaInkaArt.Data.Sales.csproj", "{99D966C7-31AB-46BE-8274-A427AED0C8E6}"
EndProject
Project("{FAE04EC0-301F-11D3-BF4B-00C04F79EFBC}") = "SistemaInkaArt.Data.Purchases", "3 Data Layer\3-3 Purchases\SistemaInkaArt.Data.Purchases\SistemaInkaArt.Data.Purchases.csproj", "{0D4C5F67-6F1F-4A7B-AE5A-95885BD08BD4}"
EndProject
Project("{FAE04EC0-301F-11D3-BF4B-00C04F79EFBC}") = "SistemaInkaArt.Data.Warehouse", "3 Data Layer\3-4 Warehouse\SistemaInkaArt.Data.Warehouse\SistemaInkaArt.Data.Warehouse.csproj", "{EF3ED6F0-87CA-4F00-BAF3-121BA5E5E951}"
EndProject
Project("{FAE04EC0-301F-11D3-BF4B-00C04F79EFBC}") = "SistemaInkaArt.Data.Production", "3 Data Layer\3-5 Production\SistemaInkaArt.Data.Production\SistemaInkaArt.Data.Production.csproj", "{0EAA7A69-AEB5-4EBC-AE98-395C560D0BAA}"
EndProject
Global
	GlobalSection(SolutionConfigurationPlatforms) = preSolution
		Debug|Any CPU = Debug|Any CPU
		Release|Any CPU = Release|Any CPU
	EndGlobalSection
	GlobalSection(ProjectConfigurationPlatforms) = postSolution
		{A18108F7-6B8B-4652-9A5F-DB17CAF8F810}.Debug|Any CPU.ActiveCfg = Debug|Any CPU
		{A18108F7-6B8B-4652-9A5F-DB17CAF8F810}.Debug|Any CPU.Build.0 = Debug|Any CPU
		{A18108F7-6B8B-4652-9A5F-DB17CAF8F810}.Release|Any CPU.ActiveCfg = Release|Any CPU
		{A18108F7-6B8B-4652-9A5F-DB17CAF8F810}.Release|Any CPU.Build.0 = Release|Any CPU
		{DBF84FA1-0A27-445A-9A0D-1713093173C7}.Debug|Any CPU.ActiveCfg = Debug|Any CPU
		{DBF84FA1-0A27-445A-9A0D-1713093173C7}.Debug|Any CPU.Build.0 = Debug|Any CPU
		{DBF84FA1-0A27-445A-9A0D-1713093173C7}.Release|Any CPU.ActiveCfg = Release|Any CPU
		{DBF84FA1-0A27-445A-9A0D-1713093173C7}.Release|Any CPU.Build.0 = Release|Any CPU
		{C6CD7166-AE4F-4881-A262-0EDAFEDCA6BD}.Debug|Any CPU.ActiveCfg = Debug|Any CPU
		{C6CD7166-AE4F-4881-A262-0EDAFEDCA6BD}.Debug|Any CPU.Build.0 = Debug|Any CPU
		{C6CD7166-AE4F-4881-A262-0EDAFEDCA6BD}.Release|Any CPU.ActiveCfg = Release|Any CPU
		{C6CD7166-AE4F-4881-A262-0EDAFEDCA6BD}.Release|Any CPU.Build.0 = Release|Any CPU
		{161417A8-9ABF-4CF5-A8CC-3FF4BD59E069}.Debug|Any CPU.ActiveCfg = Debug|Any CPU
		{161417A8-9ABF-4CF5-A8CC-3FF4BD59E069}.Debug|Any CPU.Build.0 = Debug|Any CPU
		{161417A8-9ABF-4CF5-A8CC-3FF4BD59E069}.Release|Any CPU.ActiveCfg = Release|Any CPU
		{161417A8-9ABF-4CF5-A8CC-3FF4BD59E069}.Release|Any CPU.Build.0 = Release|Any CPU
		{7338C2CD-AC94-4EBB-926A-8CC4244077D9}.Debug|Any CPU.ActiveCfg = Debug|Any CPU
		{7338C2CD-AC94-4EBB-926A-8CC4244077D9}.Debug|Any CPU.Build.0 = Debug|Any CPU
		{7338C2CD-AC94-4EBB-926A-8CC4244077D9}.Release|Any CPU.ActiveCfg = Release|Any CPU
		{7338C2CD-AC94-4EBB-926A-8CC4244077D9}.Release|Any CPU.Build.0 = Release|Any CPU
		{F8B15764-2BE6-4BFF-8563-CAF4A1C7E69C}.Debug|Any CPU.ActiveCfg = Debug|Any CPU
		{F8B15764-2BE6-4BFF-8563-CAF4A1C7E69C}.Debug|Any CPU.Build.0 = Debug|Any CPU
		{F8B15764-2BE6-4BFF-8563-CAF4A1C7E69C}.Release|Any CPU.ActiveCfg = Release|Any CPU
		{F8B15764-2BE6-4BFF-8563-CAF4A1C7E69C}.Release|Any CPU.Build.0 = Release|Any CPU
		{432AD580-A1FE-4571-83D5-9AE645EB6487}.Debug|Any CPU.ActiveCfg = Debug|Any CPU
		{432AD580-A1FE-4571-83D5-9AE645EB6487}.Debug|Any CPU.Build.0 = Debug|Any CPU
		{432AD580-A1FE-4571-83D5-9AE645EB6487}.Release|Any CPU.ActiveCfg = Release|Any CPU
		{432AD580-A1FE-4571-83D5-9AE645EB6487}.Release|Any CPU.Build.0 = Release|Any CPU
		{C05A29C8-220B-4189-B761-5EF06D9A89BD}.Debug|Any CPU.ActiveCfg = Debug|Any CPU
		{C05A29C8-220B-4189-B761-5EF06D9A89BD}.Debug|Any CPU.Build.0 = Debug|Any CPU
		{C05A29C8-220B-4189-B761-5EF06D9A89BD}.Release|Any CPU.ActiveCfg = Release|Any CPU
		{C05A29C8-220B-4189-B761-5EF06D9A89BD}.Release|Any CPU.Build.0 = Release|Any CPU
		{215E1184-9E40-47EF-AE10-CE0893E79BE5}.Debug|Any CPU.ActiveCfg = Debug|Any CPU
		{215E1184-9E40-47EF-AE10-CE0893E79BE5}.Debug|Any CPU.Build.0 = Debug|Any CPU
		{215E1184-9E40-47EF-AE10-CE0893E79BE5}.Release|Any CPU.ActiveCfg = Release|Any CPU
		{215E1184-9E40-47EF-AE10-CE0893E79BE5}.Release|Any CPU.Build.0 = Release|Any CPU
		{A75B5353-2D21-48CC-B00C-3A5D4AB3D45D}.Debug|Any CPU.ActiveCfg = Debug|Any CPU
		{A75B5353-2D21-48CC-B00C-3A5D4AB3D45D}.Debug|Any CPU.Build.0 = Debug|Any CPU
		{A75B5353-2D21-48CC-B00C-3A5D4AB3D45D}.Release|Any CPU.ActiveCfg = Release|Any CPU
		{A75B5353-2D21-48CC-B00C-3A5D4AB3D45D}.Release|Any CPU.Build.0 = Release|Any CPU
		{3501B988-D5CF-4FE4-BF22-28B97B783546}.Debug|Any CPU.ActiveCfg = Debug|Any CPU
		{3501B988-D5CF-4FE4-BF22-28B97B783546}.Debug|Any CPU.Build.0 = Debug|Any CPU
		{3501B988-D5CF-4FE4-BF22-28B97B783546}.Release|Any CPU.ActiveCfg = Release|Any CPU
		{3501B988-D5CF-4FE4-BF22-28B97B783546}.Release|Any CPU.Build.0 = Release|Any CPU
		{99D966C7-31AB-46BE-8274-A427AED0C8E6}.Debug|Any CPU.ActiveCfg = Debug|Any CPU
		{99D966C7-31AB-46BE-8274-A427AED0C8E6}.Debug|Any CPU.Build.0 = Debug|Any CPU
		{99D966C7-31AB-46BE-8274-A427AED0C8E6}.Release|Any CPU.ActiveCfg = Release|Any CPU
		{99D966C7-31AB-46BE-8274-A427AED0C8E6}.Release|Any CPU.Build.0 = Release|Any CPU
		{0D4C5F67-6F1F-4A7B-AE5A-95885BD08BD4}.Debug|Any CPU.ActiveCfg = Debug|Any CPU
		{0D4C5F67-6F1F-4A7B-AE5A-95885BD08BD4}.Debug|Any CPU.Build.0 = Debug|Any CPU
		{0D4C5F67-6F1F-4A7B-AE5A-95885BD08BD4}.Release|Any CPU.ActiveCfg = Release|Any CPU
		{0D4C5F67-6F1F-4A7B-AE5A-95885BD08BD4}.Release|Any CPU.Build.0 = Release|Any CPU
		{EF3ED6F0-87CA-4F00-BAF3-121BA5E5E951}.Debug|Any CPU.ActiveCfg = Debug|Any CPU
		{EF3ED6F0-87CA-4F00-BAF3-121BA5E5E951}.Debug|Any CPU.Build.0 = Debug|Any CPU
		{EF3ED6F0-87CA-4F00-BAF3-121BA5E5E951}.Release|Any CPU.ActiveCfg = Release|Any CPU
		{EF3ED6F0-87CA-4F00-BAF3-121BA5E5E951}.Release|Any CPU.Build.0 = Release|Any CPU
		{0EAA7A69-AEB5-4EBC-AE98-395C560D0BAA}.Debug|Any CPU.ActiveCfg = Debug|Any CPU
		{0EAA7A69-AEB5-4EBC-AE98-395C560D0BAA}.Debug|Any CPU.Build.0 = Debug|Any CPU
		{0EAA7A69-AEB5-4EBC-AE98-395C560D0BAA}.Release|Any CPU.ActiveCfg = Release|Any CPU
		{0EAA7A69-AEB5-4EBC-AE98-395C560D0BAA}.Release|Any CPU.Build.0 = Release|Any CPU
	EndGlobalSection
	GlobalSection(SolutionProperties) = preSolution
		HideSolutionNode = FALSE
	EndGlobalSection
	GlobalSection(NestedProjects) = preSolution
		{A7A06BC9-A4AD-47C9-B028-8FD7B231AC85} = {0652AE19-3778-4B7A-9B38-640B6D42C947}
		{109E75F5-F7BC-4946-8C35-DE0719DFCAFA} = {0652AE19-3778-4B7A-9B38-640B6D42C947}
		{E55AFCB4-D5A9-42D1-8DF4-0E4728DFCACC} = {0652AE19-3778-4B7A-9B38-640B6D42C947}
		{098CEA23-3AED-4064-8284-DA1F35906D64} = {0652AE19-3778-4B7A-9B38-640B6D42C947}
		{49D8A99F-6B56-486D-9D56-4836EE47DBF4} = {0652AE19-3778-4B7A-9B38-640B6D42C947}
		{2BB866B2-C9A6-489D-AC2F-47B65704B9A1} = {6457A94A-E710-4276-B271-A1CB23C54B5F}
		{F423DFC7-4A54-403A-88B3-139D8744CC1B} = {6457A94A-E710-4276-B271-A1CB23C54B5F}
		{CF6B8E6E-52CE-48B5-A17D-9837E3DAEACA} = {6457A94A-E710-4276-B271-A1CB23C54B5F}
		{03F6C90D-E567-4149-995D-91B4A6D194BA} = {6457A94A-E710-4276-B271-A1CB23C54B5F}
		{32AA6A3E-81A9-4A07-8FBD-B60219768B7C} = {6457A94A-E710-4276-B271-A1CB23C54B5F}
		{BE490B77-082F-4B6F-BC51-59239DE30543} = {76781316-A7FD-4B6E-B8F4-DC7C14EF413A}
		{40895E30-5706-430A-8C3C-04311D97F295} = {76781316-A7FD-4B6E-B8F4-DC7C14EF413A}
		{BC0EDD60-DE4D-4498-A528-2934757C7F35} = {76781316-A7FD-4B6E-B8F4-DC7C14EF413A}
		{B283D2D5-A831-43C0-895D-758D6B591497} = {76781316-A7FD-4B6E-B8F4-DC7C14EF413A}
		{C3B83867-6DE8-4C0E-A30E-FA561BFE1094} = {76781316-A7FD-4B6E-B8F4-DC7C14EF413A}
		{A18108F7-6B8B-4652-9A5F-DB17CAF8F810} = {A7A06BC9-A4AD-47C9-B028-8FD7B231AC85}
		{DBF84FA1-0A27-445A-9A0D-1713093173C7} = {109E75F5-F7BC-4946-8C35-DE0719DFCAFA}
		{C6CD7166-AE4F-4881-A262-0EDAFEDCA6BD} = {E55AFCB4-D5A9-42D1-8DF4-0E4728DFCACC}
		{161417A8-9ABF-4CF5-A8CC-3FF4BD59E069} = {098CEA23-3AED-4064-8284-DA1F35906D64}
		{7338C2CD-AC94-4EBB-926A-8CC4244077D9} = {49D8A99F-6B56-486D-9D56-4836EE47DBF4}
		{F8B15764-2BE6-4BFF-8563-CAF4A1C7E69C} = {2BB866B2-C9A6-489D-AC2F-47B65704B9A1}
		{432AD580-A1FE-4571-83D5-9AE645EB6487} = {F423DFC7-4A54-403A-88B3-139D8744CC1B}
		{C05A29C8-220B-4189-B761-5EF06D9A89BD} = {CF6B8E6E-52CE-48B5-A17D-9837E3DAEACA}
		{215E1184-9E40-47EF-AE10-CE0893E79BE5} = {03F6C90D-E567-4149-995D-91B4A6D194BA}
		{A75B5353-2D21-48CC-B00C-3A5D4AB3D45D} = {32AA6A3E-81A9-4A07-8FBD-B60219768B7C}
		{3501B988-D5CF-4FE4-BF22-28B97B783546} = {BE490B77-082F-4B6F-BC51-59239DE30543}
		{99D966C7-31AB-46BE-8274-A427AED0C8E6} = {40895E30-5706-430A-8C3C-04311D97F295}
		{0D4C5F67-6F1F-4A7B-AE5A-95885BD08BD4} = {BC0EDD60-DE4D-4498-A528-2934757C7F35}
		{EF3ED6F0-87CA-4F00-BAF3-121BA5E5E951} = {B283D2D5-A831-43C0-895D-758D6B591497}
		{0EAA7A69-AEB5-4EBC-AE98-395C560D0BAA} = {C3B83867-6DE8-4C0E-A30E-FA561BFE1094}
	EndGlobalSection
EndGlobal
