
Microsoft Visual Studio Solution File, Format Version 12.00
# Visual Studio 14
VisualStudioVersion = 14.0.24720.0
MinimumVisualStudioVersion = 10.0.40219.1
Project("{FAE04EC0-301F-11D3-BF4B-00C04F79EFBC}") = "PruebaGRASP", "PruebaGRASP\PruebaGRASP.csproj", "{EE4BC74C-00FB-4E53-9D6D-8E9557E2BE74}"
EndProject
Global
	GlobalSection(SolutionConfigurationPlatforms) = preSolution
		Debug|Any CPU = Debug|Any CPU
		Release|Any CPU = Release|Any CPU
	EndGlobalSection
	GlobalSection(ProjectConfigurationPlatforms) = postSolution
		{EE4BC74C-00FB-4E53-9D6D-8E9557E2BE74}.Debug|Any CPU.ActiveCfg = Debug|Any CPU
		{EE4BC74C-00FB-4E53-9D6D-8E9557E2BE74}.Debug|Any CPU.Build.0 = Debug|Any CPU
		{EE4BC74C-00FB-4E53-9D6D-8E9557E2BE74}.Release|Any CPU.ActiveCfg = Release|Any CPU
		{EE4BC74C-00FB-4E53-9D6D-8E9557E2BE74}.Release|Any CPU.Build.0 = Release|Any CPU
	EndGlobalSection
	GlobalSection(SolutionProperties) = preSolution
		HideSolutionNode = FALSE
	EndGlobalSection
EndGlobal
