
Microsoft Visual Studio Solution File, Format Version 12.00
# Visual Studio 14
VisualStudioVersion = 14.0.24720.0
MinimumVisualStudioVersion = 10.0.40219.1
Project("{2150E333-8FDC-42A3-9474-1A3956D46DE8}") = "1 Interface Layer", "1 Interface Layer", "{0B2F5818-90C6-43BC-9068-FF0AE9E9E1B5}"
EndProject
Project("{2150E333-8FDC-42A3-9474-1A3956D46DE8}") = "2 Business Layer", "2 Business Layer", "{856471DB-DAC8-45DE-9EFA-2BD967B80CFF}"
EndProject
Project("{2150E333-8FDC-42A3-9474-1A3956D46DE8}") = "3 Data Layer", "3 Data Layer", "{4721B5A8-89CD-400F-A008-EC55F2949D59}"
EndProject
Project("{2150E333-8FDC-42A3-9474-1A3956D46DE8}") = "4 Common", "4 Common", "{F2A9AE53-8761-4852-A5B9-01157F2735B3}"
EndProject
Project("{FAE04EC0-301F-11D3-BF4B-00C04F79EFBC}") = "InkaArt.Data", "InkaArt.Data\InkaArt.Data.csproj", "{28DD7710-8F67-4401-AEC4-CD8C3E135B82}"
EndProject
Project("{FAE04EC0-301F-11D3-BF4B-00C04F79EFBC}") = "InkaArt.Classes", "InkaArt.Classes\InkaArt.Classes.csproj", "{5615D3B3-9283-4141-B935-CBD59627EC0A}"
EndProject
Project("{FAE04EC0-301F-11D3-BF4B-00C04F79EFBC}") = "InkaArt.Interface", "InkaArt.Interface\InkaArt.Interface.csproj", "{E76AEA59-7E54-4515-8A8C-EA035816AEA7}"
EndProject
Project("{FAE04EC0-301F-11D3-BF4B-00C04F79EFBC}") = "InkaArt.Business", "InkaArt.Business\InkaArt.Business.csproj", "{9131DF99-7B6D-4A26-B0B6-769604E8C5F9}"
EndProject
Global
	GlobalSection(SolutionConfigurationPlatforms) = preSolution
		Debug|Any CPU = Debug|Any CPU
		Release|Any CPU = Release|Any CPU
	EndGlobalSection
	GlobalSection(ProjectConfigurationPlatforms) = postSolution
		{28DD7710-8F67-4401-AEC4-CD8C3E135B82}.Debug|Any CPU.ActiveCfg = Debug|Any CPU
		{28DD7710-8F67-4401-AEC4-CD8C3E135B82}.Debug|Any CPU.Build.0 = Debug|Any CPU
		{28DD7710-8F67-4401-AEC4-CD8C3E135B82}.Release|Any CPU.ActiveCfg = Release|Any CPU
		{28DD7710-8F67-4401-AEC4-CD8C3E135B82}.Release|Any CPU.Build.0 = Release|Any CPU
		{5615D3B3-9283-4141-B935-CBD59627EC0A}.Debug|Any CPU.ActiveCfg = Debug|Any CPU
		{5615D3B3-9283-4141-B935-CBD59627EC0A}.Debug|Any CPU.Build.0 = Debug|Any CPU
		{5615D3B3-9283-4141-B935-CBD59627EC0A}.Release|Any CPU.ActiveCfg = Release|Any CPU
		{5615D3B3-9283-4141-B935-CBD59627EC0A}.Release|Any CPU.Build.0 = Release|Any CPU
		{E76AEA59-7E54-4515-8A8C-EA035816AEA7}.Debug|Any CPU.ActiveCfg = Debug|Any CPU
		{E76AEA59-7E54-4515-8A8C-EA035816AEA7}.Debug|Any CPU.Build.0 = Debug|Any CPU
		{E76AEA59-7E54-4515-8A8C-EA035816AEA7}.Release|Any CPU.ActiveCfg = Release|Any CPU
		{E76AEA59-7E54-4515-8A8C-EA035816AEA7}.Release|Any CPU.Build.0 = Release|Any CPU
		{9131DF99-7B6D-4A26-B0B6-769604E8C5F9}.Debug|Any CPU.ActiveCfg = Debug|Any CPU
		{9131DF99-7B6D-4A26-B0B6-769604E8C5F9}.Debug|Any CPU.Build.0 = Debug|Any CPU
		{9131DF99-7B6D-4A26-B0B6-769604E8C5F9}.Release|Any CPU.ActiveCfg = Release|Any CPU
		{9131DF99-7B6D-4A26-B0B6-769604E8C5F9}.Release|Any CPU.Build.0 = Release|Any CPU
	EndGlobalSection
	GlobalSection(SolutionProperties) = preSolution
		HideSolutionNode = FALSE
	EndGlobalSection
	GlobalSection(NestedProjects) = preSolution
		{28DD7710-8F67-4401-AEC4-CD8C3E135B82} = {4721B5A8-89CD-400F-A008-EC55F2949D59}
		{5615D3B3-9283-4141-B935-CBD59627EC0A} = {F2A9AE53-8761-4852-A5B9-01157F2735B3}
		{E76AEA59-7E54-4515-8A8C-EA035816AEA7} = {0B2F5818-90C6-43BC-9068-FF0AE9E9E1B5}
		{9131DF99-7B6D-4A26-B0B6-769604E8C5F9} = {856471DB-DAC8-45DE-9EFA-2BD967B80CFF}
	EndGlobalSection
EndGlobal
